
Microsoft Visual Studio Solution File, Format Version 12.00
# Visual Studio 14
VisualStudioVersion = 14.0.25420.1
MinimumVisualStudioVersion = 10.0.40219.1
Project("{FAE04EC0-301F-11D3-BF4B-00C04F79EFBC}") = "Demo03", "Demo03\Demo03.csproj", "{DC4640E0-B166-4544-8F95-ECF5C3F7CB0A}"
EndProject
Project("{FAE04EC0-301F-11D3-BF4B-00C04F79EFBC}") = "Kiuas", "Kiuas\Kiuas.csproj", "{872B7D63-A3AA-4402-93AF-0D7918694CCF}"
EndProject
Project("{FAE04EC0-301F-11D3-BF4B-00C04F79EFBC}") = "Kiuas2.0", "Kiuas2.0\Kiuas2.0.csproj", "{2D0DAD3E-2F5B-42CB-B43F-1D424D8CD504}"
EndProject
Project("{FAE04EC0-301F-11D3-BF4B-00C04F79EFBC}") = "TV", "TV\TV.csproj", "{A6D741DD-FD29-4ABD-B312-FB51802C0E92}"
EndProject
Project("{FAE04EC0-301F-11D3-BF4B-00C04F79EFBC}") = "Pesukone", "Pesukone\Pesukone.csproj", "{AD8961B3-64D3-4D40-93B3-E8BE9C7C9FEE}"
EndProject
Global
	GlobalSection(SolutionConfigurationPlatforms) = preSolution
		Debug|Any CPU = Debug|Any CPU
		Debug|x64 = Debug|x64
		Debug|x86 = Debug|x86
		Release|Any CPU = Release|Any CPU
		Release|x64 = Release|x64
		Release|x86 = Release|x86
	EndGlobalSection
	GlobalSection(ProjectConfigurationPlatforms) = postSolution
		{DC4640E0-B166-4544-8F95-ECF5C3F7CB0A}.Debug|Any CPU.ActiveCfg = Debug|Any CPU
		{DC4640E0-B166-4544-8F95-ECF5C3F7CB0A}.Debug|Any CPU.Build.0 = Debug|Any CPU
		{DC4640E0-B166-4544-8F95-ECF5C3F7CB0A}.Debug|x64.ActiveCfg = Debug|Any CPU
		{DC4640E0-B166-4544-8F95-ECF5C3F7CB0A}.Debug|x64.Build.0 = Debug|Any CPU
		{DC4640E0-B166-4544-8F95-ECF5C3F7CB0A}.Debug|x86.ActiveCfg = Debug|Any CPU
		{DC4640E0-B166-4544-8F95-ECF5C3F7CB0A}.Debug|x86.Build.0 = Debug|Any CPU
		{DC4640E0-B166-4544-8F95-ECF5C3F7CB0A}.Release|Any CPU.ActiveCfg = Release|Any CPU
		{DC4640E0-B166-4544-8F95-ECF5C3F7CB0A}.Release|Any CPU.Build.0 = Release|Any CPU
		{DC4640E0-B166-4544-8F95-ECF5C3F7CB0A}.Release|x64.ActiveCfg = Release|Any CPU
		{DC4640E0-B166-4544-8F95-ECF5C3F7CB0A}.Release|x64.Build.0 = Release|Any CPU
		{DC4640E0-B166-4544-8F95-ECF5C3F7CB0A}.Release|x86.ActiveCfg = Release|Any CPU
		{DC4640E0-B166-4544-8F95-ECF5C3F7CB0A}.Release|x86.Build.0 = Release|Any CPU
		{872B7D63-A3AA-4402-93AF-0D7918694CCF}.Debug|Any CPU.ActiveCfg = Debug|Any CPU
		{872B7D63-A3AA-4402-93AF-0D7918694CCF}.Debug|Any CPU.Build.0 = Debug|Any CPU
		{872B7D63-A3AA-4402-93AF-0D7918694CCF}.Debug|x64.ActiveCfg = Debug|Any CPU
		{872B7D63-A3AA-4402-93AF-0D7918694CCF}.Debug|x86.ActiveCfg = Debug|Any CPU
		{872B7D63-A3AA-4402-93AF-0D7918694CCF}.Release|Any CPU.ActiveCfg = Release|Any CPU
		{872B7D63-A3AA-4402-93AF-0D7918694CCF}.Release|Any CPU.Build.0 = Release|Any CPU
		{872B7D63-A3AA-4402-93AF-0D7918694CCF}.Release|x64.ActiveCfg = Release|Any CPU
		{872B7D63-A3AA-4402-93AF-0D7918694CCF}.Release|x86.ActiveCfg = Release|Any CPU
		{2D0DAD3E-2F5B-42CB-B43F-1D424D8CD504}.Debug|Any CPU.ActiveCfg = Debug|Any CPU
		{2D0DAD3E-2F5B-42CB-B43F-1D424D8CD504}.Debug|Any CPU.Build.0 = Debug|Any CPU
		{2D0DAD3E-2F5B-42CB-B43F-1D424D8CD504}.Debug|x64.ActiveCfg = Debug|Any CPU
		{2D0DAD3E-2F5B-42CB-B43F-1D424D8CD504}.Debug|x64.Build.0 = Debug|Any CPU
		{2D0DAD3E-2F5B-42CB-B43F-1D424D8CD504}.Debug|x86.ActiveCfg = Debug|Any CPU
		{2D0DAD3E-2F5B-42CB-B43F-1D424D8CD504}.Debug|x86.Build.0 = Debug|Any CPU
		{2D0DAD3E-2F5B-42CB-B43F-1D424D8CD504}.Release|Any CPU.ActiveCfg = Release|Any CPU
		{2D0DAD3E-2F5B-42CB-B43F-1D424D8CD504}.Release|Any CPU.Build.0 = Release|Any CPU
		{2D0DAD3E-2F5B-42CB-B43F-1D424D8CD504}.Release|x64.ActiveCfg = Release|Any CPU
		{2D0DAD3E-2F5B-42CB-B43F-1D424D8CD504}.Release|x64.Build.0 = Release|Any CPU
		{2D0DAD3E-2F5B-42CB-B43F-1D424D8CD504}.Release|x86.ActiveCfg = Release|Any CPU
		{2D0DAD3E-2F5B-42CB-B43F-1D424D8CD504}.Release|x86.Build.0 = Release|Any CPU
		{A6D741DD-FD29-4ABD-B312-FB51802C0E92}.Debug|Any CPU.ActiveCfg = Debug|Any CPU
		{A6D741DD-FD29-4ABD-B312-FB51802C0E92}.Debug|Any CPU.Build.0 = Debug|Any CPU
		{A6D741DD-FD29-4ABD-B312-FB51802C0E92}.Debug|x64.ActiveCfg = Debug|Any CPU
		{A6D741DD-FD29-4ABD-B312-FB51802C0E92}.Debug|x64.Build.0 = Debug|Any CPU
		{A6D741DD-FD29-4ABD-B312-FB51802C0E92}.Debug|x86.ActiveCfg = Debug|Any CPU
		{A6D741DD-FD29-4ABD-B312-FB51802C0E92}.Debug|x86.Build.0 = Debug|Any CPU
		{A6D741DD-FD29-4ABD-B312-FB51802C0E92}.Release|Any CPU.ActiveCfg = Release|Any CPU
		{A6D741DD-FD29-4ABD-B312-FB51802C0E92}.Release|Any CPU.Build.0 = Release|Any CPU
		{A6D741DD-FD29-4ABD-B312-FB51802C0E92}.Release|x64.ActiveCfg = Release|Any CPU
		{A6D741DD-FD29-4ABD-B312-FB51802C0E92}.Release|x64.Build.0 = Release|Any CPU
		{A6D741DD-FD29-4ABD-B312-FB51802C0E92}.Release|x86.ActiveCfg = Release|Any CPU
		{A6D741DD-FD29-4ABD-B312-FB51802C0E92}.Release|x86.Build.0 = Release|Any CPU
		{AD8961B3-64D3-4D40-93B3-E8BE9C7C9FEE}.Debug|Any CPU.ActiveCfg = Debug|Any CPU
		{AD8961B3-64D3-4D40-93B3-E8BE9C7C9FEE}.Debug|Any CPU.Build.0 = Debug|Any CPU
		{AD8961B3-64D3-4D40-93B3-E8BE9C7C9FEE}.Debug|x64.ActiveCfg = Debug|Any CPU
		{AD8961B3-64D3-4D40-93B3-E8BE9C7C9FEE}.Debug|x64.Build.0 = Debug|Any CPU
		{AD8961B3-64D3-4D40-93B3-E8BE9C7C9FEE}.Debug|x86.ActiveCfg = Debug|Any CPU
		{AD8961B3-64D3-4D40-93B3-E8BE9C7C9FEE}.Debug|x86.Build.0 = Debug|Any CPU
		{AD8961B3-64D3-4D40-93B3-E8BE9C7C9FEE}.Release|Any CPU.ActiveCfg = Release|Any CPU
		{AD8961B3-64D3-4D40-93B3-E8BE9C7C9FEE}.Release|Any CPU.Build.0 = Release|Any CPU
		{AD8961B3-64D3-4D40-93B3-E8BE9C7C9FEE}.Release|x64.ActiveCfg = Release|Any CPU
		{AD8961B3-64D3-4D40-93B3-E8BE9C7C9FEE}.Release|x64.Build.0 = Release|Any CPU
		{AD8961B3-64D3-4D40-93B3-E8BE9C7C9FEE}.Release|x86.ActiveCfg = Release|Any CPU
		{AD8961B3-64D3-4D40-93B3-E8BE9C7C9FEE}.Release|x86.Build.0 = Release|Any CPU
	EndGlobalSection
	GlobalSection(SolutionProperties) = preSolution
		HideSolutionNode = FALSE
	EndGlobalSection
EndGlobal
