
Microsoft Visual Studio Solution File, Format Version 12.00
# Visual Studio 14
VisualStudioVersion = 14.0.25420.1
MinimumVisualStudioVersion = 10.0.40219.1
Project("{FAE04EC0-301F-11D3-BF4B-00C04F79EFBC}") = "Demo03", "Demo03\Demo03.csproj", "{DC4640E0-B166-4544-8F95-ECF5C3F7CB0A}"
EndProject
Project("{FAE04EC0-301F-11D3-BF4B-00C04F79EFBC}") = "Kiuas", "Kiuas\Kiuas.csproj", "{872B7D63-A3AA-4402-93AF-0D7918694CCF}"
EndProject
Global
	GlobalSection(SolutionConfigurationPlatforms) = preSolution
		Debug|Any CPU = Debug|Any CPU
		Release|Any CPU = Release|Any CPU
	EndGlobalSection
	GlobalSection(ProjectConfigurationPlatforms) = postSolution
		{DC4640E0-B166-4544-8F95-ECF5C3F7CB0A}.Debug|Any CPU.ActiveCfg = Debug|Any CPU
		{DC4640E0-B166-4544-8F95-ECF5C3F7CB0A}.Debug|Any CPU.Build.0 = Debug|Any CPU
		{DC4640E0-B166-4544-8F95-ECF5C3F7CB0A}.Release|Any CPU.ActiveCfg = Release|Any CPU
		{DC4640E0-B166-4544-8F95-ECF5C3F7CB0A}.Release|Any CPU.Build.0 = Release|Any CPU
		{872B7D63-A3AA-4402-93AF-0D7918694CCF}.Debug|Any CPU.ActiveCfg = Debug|Any CPU
		{872B7D63-A3AA-4402-93AF-0D7918694CCF}.Debug|Any CPU.Build.0 = Debug|Any CPU
		{872B7D63-A3AA-4402-93AF-0D7918694CCF}.Release|Any CPU.ActiveCfg = Release|Any CPU
		{872B7D63-A3AA-4402-93AF-0D7918694CCF}.Release|Any CPU.Build.0 = Release|Any CPU
	EndGlobalSection
	GlobalSection(SolutionProperties) = preSolution
		HideSolutionNode = FALSE
	EndGlobalSection
EndGlobal
